{
  "name": "Test",
  "version": "0.0.0",
  "lockfileVersion": 1,
  "requires": true,
  "dependencies": {
    "and": {
      "version": "0.0.3"
    },
    "anti-spam": {
      "version": "0.2.7"
    },
    "array-sort": {
      "version": "1.0.0",
      "requires": {
        "default-compare": "^1.0.0",
        "get-value": "^2.0.6",
        "kind-of": "^5.0.2"
      }
    },
    "ascii-data-table": {
      "version": "2.1.1",
      "requires": {
        "core-js": "^2.4.1"
      }
    },
    "better-sqlite-pool": {
      "version": "0.2.2",
      "resolved": "https://registry.npmjs.org/better-sqlite-pool/-/better-sqlite-pool-0.2.2.tgz",
      "integrity": "sha512-EZCfYtrc80kGSQ4AXLChEeSV5agMF8BSRqBaH4X852Nk0qoCA1GFv5j9r5JjpUDlQR0GDa10rosivMX15CH+Dw==",
      "requires": {
        "better-sqlite3": "^5.4.0",
        "lodash": "^4.17.11"
      },
      "dependencies": {
        "better-sqlite3": {
          "version": "5.4.0",
          "resolved": "https://registry.npmjs.org/better-sqlite3/-/better-sqlite3-5.4.0.tgz",
          "integrity": "sha512-Uj1ZYOcq1GtFyFgJgqMVDoDLTy1B1pM9+bULnlX8szRX4cPjE/7JbKxCzQGhYlZlLkHQvtXXhCZ3skqsQ2byMA==",
          "requires": {
            "integer": "^2.1.0",
            "tar": "^4.4.6"
          }
        },
        "chownr": {
          "version": "1.1.1",
          "resolved": "https://registry.npmjs.org/chownr/-/chownr-1.1.1.tgz",
          "integrity": "sha512-j38EvO5+LHX84jlo6h4UzmOwi0UgW61WRyPtJz4qaadK5eY3BTS5TY/S1Stc3Uk2lIM6TPevAlULiEJwie860g=="
        },
        "fs-minipass": {
          "version": "1.2.6",
          "resolved": "https://registry.npmjs.org/fs-minipass/-/fs-minipass-1.2.6.tgz",
          "integrity": "sha512-crhvyXcMejjv3Z5d2Fa9sf5xLYVCF5O1c71QxbVnbLsmYMBEvDAftewesN/HhY03YRoA7zOMxjNGrF5svGaaeQ==",
          "requires": {
            "minipass": "^2.2.1"
          }
        },
        "integer": {
          "version": "2.1.0",
          "resolved": "https://registry.npmjs.org/integer/-/integer-2.1.0.tgz",
          "integrity": "sha512-vBtiSgrEiNocWvvZX1RVfeOKa2mCHLZQ2p9nkQkQZ/BvEiY+6CcUz0eyjvIiewjJoeNidzg2I+tpPJvpyspL1w=="
        },
        "lodash": {
          "version": "4.17.11",
          "resolved": "https://registry.npmjs.org/lodash/-/lodash-4.17.11.tgz",
          "integrity": "sha512-cQKh8igo5QUhZ7lg38DYWAxMvjSAKG0A8wGSVimP07SIUEK2UO+arSRKbRZWtelMtN5V0Hkwh5ryOto/SshYIg=="
        },
        "minimist": {
          "version": "0.0.8",
          "resolved": "https://registry.npmjs.org/minimist/-/minimist-0.0.8.tgz",
          "integrity": "sha1-hX/Kv8M5fSYluCKCYuhqp6ARsF0="
        },
        "minipass": {
          "version": "2.3.5",
          "resolved": "https://registry.npmjs.org/minipass/-/minipass-2.3.5.tgz",
          "integrity": "sha512-Gi1W4k059gyRbyVUZQ4mEqLm0YIUiGYfvxhF6SIlk3ui1WVxMTGfGdQ2SInh3PDrRTVvPKgULkpJtT4RH10+VA==",
          "requires": {
            "safe-buffer": "^5.1.2",
            "yallist": "^3.0.0"
          }
        },
        "minizlib": {
          "version": "1.2.1",
          "resolved": "https://registry.npmjs.org/minizlib/-/minizlib-1.2.1.tgz",
          "integrity": "sha512-7+4oTUOWKg7AuL3vloEWekXY2/D20cevzsrNT2kGWm+39J9hGTCBv8VI5Pm5lXZ/o3/mdR4f8rflAPhnQb8mPA==",
          "requires": {
            "minipass": "^2.2.1"
          }
        },
        "mkdirp": {
          "version": "0.5.1",
          "resolved": "https://registry.npmjs.org/mkdirp/-/mkdirp-0.5.1.tgz",
          "integrity": "sha1-MAV0OOrGz3+MR2fzhkjWaX11yQM=",
          "requires": {
            "minimist": "0.0.8"
          }
        },
        "safe-buffer": {
          "version": "5.1.2",
          "resolved": "https://registry.npmjs.org/safe-buffer/-/safe-buffer-5.1.2.tgz",
          "integrity": "sha512-Gd2UZBJDkXlY7GbJxfsE8/nvKkUEU1G38c1siN6QP6a9PT9MmHB8GnpscSmMJSoF8LOIrt8ud/wPtojys4G6+g=="
        },
        "tar": {
          "version": "4.4.10",
          "resolved": "https://registry.npmjs.org/tar/-/tar-4.4.10.tgz",
          "integrity": "sha512-g2SVs5QIxvo6OLp0GudTqEf05maawKUxXru104iaayWA09551tFCTI8f1Asb4lPfkBr91k07iL4c11XO3/b0tA==",
          "requires": {
            "chownr": "^1.1.1",
            "fs-minipass": "^1.2.5",
            "minipass": "^2.3.5",
            "minizlib": "^1.2.1",
            "mkdirp": "^0.5.0",
            "safe-buffer": "^5.1.2",
            "yallist": "^3.0.3"
          }
        },
        "yallist": {
          "version": "3.0.3",
          "resolved": "https://registry.npmjs.org/yallist/-/yallist-3.0.3.tgz",
          "integrity": "sha512-S+Zk8DEWE6oKpV+vI3qWkaK+jSbIK86pCwe2IF/xwIpQ8jEuxpw9NyaGjmp9+BoJv5FV2piqCDcoCtStppiq2A=="
        }
      }
    },
    "better-sqlite3": {
      "version": "5.4.0",
      "resolved": "https://registry.npmjs.org/better-sqlite3/-/better-sqlite3-5.4.0.tgz",
      "integrity": "sha512-Uj1ZYOcq1GtFyFgJgqMVDoDLTy1B1pM9+bULnlX8szRX4cPjE/7JbKxCzQGhYlZlLkHQvtXXhCZ3skqsQ2byMA==",
      "requires": {
        "integer": "^2.1.0",
        "tar": "^4.4.6"
      }
    },
    "bignumber.js": {
      "version": "2.4.0",
      "resolved": "https://registry.npmjs.org/bignumber.js/-/bignumber.js-2.4.0.tgz",
      "integrity": "sha1-g4qZLan51zfg9LLbC+YrsJ3Qxeg="
    },
    "canvas": {
      "version": "1.6.13",
      "requires": {
        "nan": "^2.10.0"
      }
    },
    "canvas-prebuilt": {
      "version": "1.6.11",
      "requires": {
        "node-pre-gyp": "^0.10.0"
      }
    },
    "child_process": {
      "version": "1.0.2"
    },
    "chownr": {
      "version": "1.1.1",
      "resolved": "https://registry.npmjs.org/chownr/-/chownr-1.1.1.tgz",
      "integrity": "sha512-j38EvO5+LHX84jlo6h4UzmOwi0UgW61WRyPtJz4qaadK5eY3BTS5TY/S1Stc3Uk2lIM6TPevAlULiEJwie860g=="
    },
    "common-tags": {
      "version": "1.8.0"
    },
    "dateformat": {
      "version": "3.0.3"
    },
    "discord-anti-spam": {
      "version": "1.1.6"
    },
    "discord.js": {
      "version": "11.5.1",
      "requires": {
        "long": "^4.0.0",
        "prism-media": "^0.0.3",
        "snekfetch": "^3.6.4",
        "tweetnacl": "^1.0.0",
        "ws": "^6.0.0"
      }
    },
    "enmap": {
      "version": "5.0.0",
      "resolved": "https://registry.npmjs.org/enmap/-/enmap-5.0.0.tgz",
      "integrity": "sha512-ntA4u4/p4FYpfFHAHiuLviIgVJYa5Bb1m5J9xkA1Ch3dgarHIqxdsDbzQS9PM3z9iF2yae/ud8uKQDMYPmRx2w==",
      "requires": {
        "lodash": "^4.17.11"
      },
      "dependencies": {
        "lodash": {
          "version": "4.17.11",
          "resolved": "https://registry.npmjs.org/lodash/-/lodash-4.17.11.tgz",
          "integrity": "sha512-cQKh8igo5QUhZ7lg38DYWAxMvjSAKG0A8wGSVimP07SIUEK2UO+arSRKbRZWtelMtN5V0Hkwh5ryOto/SshYIg=="
        }
      }
    },
    "express": {
      "version": "4.17.1",
      "resolved": "https://registry.npmjs.org/express/-/express-4.17.1.tgz",
      "integrity": "sha512-mHJ9O79RqluphRrcw2X/GTh3k9tVv8YcoyY4Kkh4WDMUYKRZUq0h1o0w2rrrxBqM7VoeUVqgb27xlEMXTnYt4g==",
      "requires": {
        "accepts": "~1.3.7",
        "array-flatten": "1.1.1",
        "body-parser": "1.19.0",
        "content-disposition": "0.5.3",
        "content-type": "~1.0.4",
        "cookie": "0.4.0",
        "cookie-signature": "1.0.6",
        "debug": "2.6.9",
        "depd": "~1.1.2",
        "encodeurl": "~1.0.2",
        "escape-html": "~1.0.3",
        "etag": "~1.8.1",
        "finalhandler": "~1.1.2",
        "fresh": "0.5.2",
        "merge-descriptors": "1.0.1",
        "methods": "~1.1.2",
        "on-finished": "~2.3.0",
        "parseurl": "~1.3.3",
        "path-to-regexp": "0.1.7",
        "proxy-addr": "~2.0.5",
        "qs": "6.7.0",
        "range-parser": "~1.2.1",
        "safe-buffer": "5.1.2",
        "send": "0.17.1",
        "serve-static": "1.14.1",
        "setprototypeof": "1.1.1",
        "statuses": "~1.5.0",
        "type-is": "~1.6.18",
        "utils-merge": "1.0.1",
        "vary": "~1.1.2"
      },
      "dependencies": {
        "accepts": {
          "version": "1.3.7",
          "resolved": "https://registry.npmjs.org/accepts/-/accepts-1.3.7.tgz",
          "integrity": "sha512-Il80Qs2WjYlJIBNzNkK6KYqlVMTbZLXgHx2oT0pU/fjRHyEp+PEfEPY0R3WCwAGVOtauxh1hOxNgIf5bv7dQpA==",
          "requires": {
            "mime-types": "~2.1.24",
            "negotiator": "0.6.2"
          }
        },
        "array-flatten": {
          "version": "1.1.1",
          "resolved": "https://registry.npmjs.org/array-flatten/-/array-flatten-1.1.1.tgz",
          "integrity": "sha1-ml9pkFGx5wczKPKgCJaLZOopVdI="
        },
        "body-parser": {
          "version": "1.19.0",
          "resolved": "https://registry.npmjs.org/body-parser/-/body-parser-1.19.0.tgz",
          "integrity": "sha512-dhEPs72UPbDnAQJ9ZKMNTP6ptJaionhP5cBb541nXPlW60Jepo9RV/a4fX4XWW9CuFNK22krhrj1+rgzifNCsw==",
          "requires": {
            "bytes": "3.1.0",
            "content-type": "~1.0.4",
            "debug": "2.6.9",
            "depd": "~1.1.2",
            "http-errors": "1.7.2",
            "iconv-lite": "0.4.24",
            "on-finished": "~2.3.0",
            "qs": "6.7.0",
            "raw-body": "2.4.0",
            "type-is": "~1.6.17"
          }
        },
        "bytes": {
          "version": "3.1.0",
          "resolved": "https://registry.npmjs.org/bytes/-/bytes-3.1.0.tgz",
          "integrity": "sha512-zauLjrfCG+xvoyaqLoV8bLVXXNGC4JqlxFCutSDWA6fJrTo2ZuvLYTqZ7aHBLZSMOopbzwv8f+wZcVzfVTI2Dg=="
        },
        "content-disposition": {
          "version": "0.5.3",
          "resolved": "https://registry.npmjs.org/content-disposition/-/content-disposition-0.5.3.tgz",
          "integrity": "sha512-ExO0774ikEObIAEV9kDo50o+79VCUdEB6n6lzKgGwupcVeRlhrj3qGAfwq8G6uBJjkqLrhT0qEYFcWng8z1z0g==",
          "requires": {
            "safe-buffer": "5.1.2"
          }
        },
        "content-type": {
          "version": "1.0.4",
          "resolved": "https://registry.npmjs.org/content-type/-/content-type-1.0.4.tgz",
          "integrity": "sha512-hIP3EEPs8tB9AT1L+NUqtwOAps4mk2Zob89MWXMHjHWg9milF/j4osnnQLXBCBFBk/tvIG/tUc9mOUJiPBhPXA=="
        },
        "cookie": {
          "version": "0.4.0",
          "resolved": "https://registry.npmjs.org/cookie/-/cookie-0.4.0.tgz",
          "integrity": "sha512-+Hp8fLp57wnUSt0tY0tHEXh4voZRDnoIrZPqlo3DPiI4y9lwg/jqx+1Om94/W6ZaPDOUbnjOt/99w66zk+l1Xg=="
        },
        "cookie-signature": {
          "version": "1.0.6",
          "resolved": "https://registry.npmjs.org/cookie-signature/-/cookie-signature-1.0.6.tgz",
          "integrity": "sha1-4wOogrNCzD7oylE6eZmXNNqzriw="
        },
        "debug": {
          "version": "2.6.9",
          "resolved": "https://registry.npmjs.org/debug/-/debug-2.6.9.tgz",
          "integrity": "sha512-bC7ElrdJaJnPbAP+1EotYvqZsb3ecl5wi6Bfi6BJTUcNowp6cvspg0jXznRTKDjm/E7AdgFBVeAPVMNcKGsHMA==",
          "requires": {
            "ms": "2.0.0"
          }
        },
        "depd": {
          "version": "1.1.2",
          "resolved": "https://registry.npmjs.org/depd/-/depd-1.1.2.tgz",
          "integrity": "sha1-m81S4UwJd2PnSbJ0xDRu0uVgtak="
        },
        "destroy": {
          "version": "1.0.4",
          "resolved": "https://registry.npmjs.org/destroy/-/destroy-1.0.4.tgz",
          "integrity": "sha1-l4hXRCxEdJ5CBmE+N5RiBYJqvYA="
        },
        "ee-first": {
          "version": "1.1.1",
          "resolved": "https://registry.npmjs.org/ee-first/-/ee-first-1.1.1.tgz",
          "integrity": "sha1-WQxhFWsK4vTwJVcyoViyZrxWsh0="
        },
        "encodeurl": {
          "version": "1.0.2",
          "resolved": "https://registry.npmjs.org/encodeurl/-/encodeurl-1.0.2.tgz",
          "integrity": "sha1-rT/0yG7C0CkyL1oCw6mmBslbP1k="
        },
        "escape-html": {
          "version": "1.0.3",
          "resolved": "https://registry.npmjs.org/escape-html/-/escape-html-1.0.3.tgz",
          "integrity": "sha1-Aljq5NPQwJdN4cFpGI7wBR0dGYg="
        },
        "etag": {
          "version": "1.8.1",
          "resolved": "https://registry.npmjs.org/etag/-/etag-1.8.1.tgz",
          "integrity": "sha1-Qa4u62XvpiJorr/qg6x9eSmbCIc="
        },
        "finalhandler": {
          "version": "1.1.2",
          "resolved": "https://registry.npmjs.org/finalhandler/-/finalhandler-1.1.2.tgz",
          "integrity": "sha512-aAWcW57uxVNrQZqFXjITpW3sIUQmHGG3qSb9mUah9MgMC4NeWhNOlNjXEYq3HjRAvL6arUviZGGJsBg6z0zsWA==",
          "requires": {
            "debug": "2.6.9",
            "encodeurl": "~1.0.2",
            "escape-html": "~1.0.3",
            "on-finished": "~2.3.0",
            "parseurl": "~1.3.3",
            "statuses": "~1.5.0",
            "unpipe": "~1.0.0"
          }
        },
        "forwarded": {
          "version": "0.1.2",
          "resolved": "https://registry.npmjs.org/forwarded/-/forwarded-0.1.2.tgz",
          "integrity": "sha1-mMI9qxF1ZXuMBXPozszZGw/xjIQ="
        },
        "fresh": {
          "version": "0.5.2",
          "resolved": "https://registry.npmjs.org/fresh/-/fresh-0.5.2.tgz",
          "integrity": "sha1-PYyt2Q2XZWn6g1qx+OSyOhBWBac="
        },
        "http-errors": {
          "version": "1.7.2",
          "resolved": "https://registry.npmjs.org/http-errors/-/http-errors-1.7.2.tgz",
          "integrity": "sha512-uUQBt3H/cSIVfch6i1EuPNy/YsRSOUBXTVfZ+yR7Zjez3qjBz6i9+i4zjNaoqcoFVI4lQJ5plg63TvGfRSDCRg==",
          "requires": {
            "depd": "~1.1.2",
            "inherits": "2.0.3",
            "setprototypeof": "1.1.1",
            "statuses": ">= 1.5.0 < 2",
            "toidentifier": "1.0.0"
          }
        },
        "iconv-lite": {
          "version": "0.4.24",
          "resolved": "https://registry.npmjs.org/iconv-lite/-/iconv-lite-0.4.24.tgz",
          "integrity": "sha512-v3MXnZAcvnywkTUEZomIActle7RXXeedOR31wwl7VlyoXO4Qi9arvSenNQWne1TcRwhCL1HwLI21bEqdpj8/rA==",
          "requires": {
            "safer-buffer": ">= 2.1.2 < 3"
          }
        },
        "inherits": {
          "version": "2.0.3",
          "resolved": "https://registry.npmjs.org/inherits/-/inherits-2.0.3.tgz",
          "integrity": "sha1-Yzwsg+PaQqUC9SRmAiSA9CCCYd4="
        },
        "ipaddr.js": {
          "version": "1.9.0",
          "resolved": "https://registry.npmjs.org/ipaddr.js/-/ipaddr.js-1.9.0.tgz",
          "integrity": "sha512-M4Sjn6N/+O6/IXSJseKqHoFc+5FdGJ22sXqnjTpdZweHK64MzEPAyQZyEU3R/KRv2GLoa7nNtg/C2Ev6m7z+eA=="
        },
        "media-typer": {
          "version": "0.3.0",
          "resolved": "https://registry.npmjs.org/media-typer/-/media-typer-0.3.0.tgz",
          "integrity": "sha1-hxDXrwqmJvj/+hzgAWhUUmMlV0g="
        },
        "merge-descriptors": {
          "version": "1.0.1",
          "resolved": "https://registry.npmjs.org/merge-descriptors/-/merge-descriptors-1.0.1.tgz",
          "integrity": "sha1-sAqqVW3YtEVoFQ7J0blT8/kMu2E="
        },
        "methods": {
          "version": "1.1.2",
          "resolved": "https://registry.npmjs.org/methods/-/methods-1.1.2.tgz",
          "integrity": "sha1-VSmk1nZUE07cxSZmVoNbD4Ua/O4="
        },
        "mime": {
          "version": "1.6.0",
          "resolved": "https://registry.npmjs.org/mime/-/mime-1.6.0.tgz",
          "integrity": "sha512-x0Vn8spI+wuJ1O6S7gnbaQg8Pxh4NNHb7KSINmEWKiPE4RKOplvijn+NkmYmmRgP68mc70j2EbeTFRsrswaQeg=="
        },
        "mime-db": {
          "version": "1.40.0",
          "resolved": "https://registry.npmjs.org/mime-db/-/mime-db-1.40.0.tgz",
          "integrity": "sha512-jYdeOMPy9vnxEqFRRo6ZvTZ8d9oPb+k18PKoYNYUe2stVEBPPwsln/qWzdbmaIvnhZ9v2P+CuecK+fpUfsV2mA=="
        },
        "mime-types": {
          "version": "2.1.24",
          "resolved": "https://registry.npmjs.org/mime-types/-/mime-types-2.1.24.tgz",
          "integrity": "sha512-WaFHS3MCl5fapm3oLxU4eYDw77IQM2ACcxQ9RIxfaC3ooc6PFuBMGZZsYpvoXS5D5QTWPieo1jjLdAm3TBP3cQ==",
          "requires": {
            "mime-db": "1.40.0"
          }
        },
        "ms": {
          "version": "2.0.0",
          "resolved": "https://registry.npmjs.org/ms/-/ms-2.0.0.tgz",
          "integrity": "sha1-VgiurfwAvmwpAd9fmGF4jeDVl8g="
        },
        "negotiator": {
          "version": "0.6.2",
          "resolved": "https://registry.npmjs.org/negotiator/-/negotiator-0.6.2.tgz",
          "integrity": "sha512-hZXc7K2e+PgeI1eDBe/10Ard4ekbfrrqG8Ep+8Jmf4JID2bNg7NvCPOZN+kfF574pFQI7mum2AUqDidoKqcTOw=="
        },
        "on-finished": {
          "version": "2.3.0",
          "resolved": "https://registry.npmjs.org/on-finished/-/on-finished-2.3.0.tgz",
          "integrity": "sha1-IPEzZIGwg811M3mSoWlxqi2QaUc=",
          "requires": {
            "ee-first": "1.1.1"
          }
        },
        "parseurl": {
          "version": "1.3.3",
          "resolved": "https://registry.npmjs.org/parseurl/-/parseurl-1.3.3.tgz",
          "integrity": "sha512-CiyeOxFT/JZyN5m0z9PfXw4SCBJ6Sygz1Dpl0wqjlhDEGGBP1GnsUVEL0p63hoG1fcj3fHynXi9NYO4nWOL+qQ=="
        },
        "path-to-regexp": {
          "version": "0.1.7",
          "resolved": "https://registry.npmjs.org/path-to-regexp/-/path-to-regexp-0.1.7.tgz",
          "integrity": "sha1-32BBeABfUi8V60SQ5yR6G/qmf4w="
        },
        "proxy-addr": {
          "version": "2.0.5",
          "resolved": "https://registry.npmjs.org/proxy-addr/-/proxy-addr-2.0.5.tgz",
          "integrity": "sha512-t/7RxHXPH6cJtP0pRG6smSr9QJidhB+3kXu0KgXnbGYMgzEnUxRQ4/LDdfOwZEMyIh3/xHb8PX3t+lfL9z+YVQ==",
          "requires": {
            "forwarded": "~0.1.2",
            "ipaddr.js": "1.9.0"
          }
        },
        "qs": {
          "version": "6.7.0",
          "resolved": "https://registry.npmjs.org/qs/-/qs-6.7.0.tgz",
          "integrity": "sha512-VCdBRNFTX1fyE7Nb6FYoURo/SPe62QCaAyzJvUjwRaIsc+NePBEniHlvxFmmX56+HZphIGtV0XeCirBtpDrTyQ=="
        },
        "range-parser": {
          "version": "1.2.1",
          "resolved": "https://registry.npmjs.org/range-parser/-/range-parser-1.2.1.tgz",
          "integrity": "sha512-Hrgsx+orqoygnmhFbKaHE6c296J+HTAQXoxEF6gNupROmmGJRoyzfG3ccAveqCBrwr/2yxQ5BVd/GTl5agOwSg=="
        },
        "raw-body": {
          "version": "2.4.0",
          "resolved": "https://registry.npmjs.org/raw-body/-/raw-body-2.4.0.tgz",
          "integrity": "sha512-4Oz8DUIwdvoa5qMJelxipzi/iJIi40O5cGV1wNYp5hvZP8ZN0T+jiNkL0QepXs+EsQ9XJ8ipEDoiH70ySUJP3Q==",
          "requires": {
            "bytes": "3.1.0",
            "http-errors": "1.7.2",
            "iconv-lite": "0.4.24",
            "unpipe": "1.0.0"
          }
        },
        "safe-buffer": {
          "version": "5.1.2",
          "resolved": "https://registry.npmjs.org/safe-buffer/-/safe-buffer-5.1.2.tgz",
          "integrity": "sha512-Gd2UZBJDkXlY7GbJxfsE8/nvKkUEU1G38c1siN6QP6a9PT9MmHB8GnpscSmMJSoF8LOIrt8ud/wPtojys4G6+g=="
        },
        "safer-buffer": {
          "version": "2.1.2",
          "resolved": "https://registry.npmjs.org/safer-buffer/-/safer-buffer-2.1.2.tgz",
          "integrity": "sha512-YZo3K82SD7Riyi0E1EQPojLz7kpepnSQI9IyPbHHg1XXXevb5dJI7tpyN2ADxGcQbHG7vcyRHk0cbwqcQriUtg=="
        },
        "send": {
          "version": "0.17.1",
          "resolved": "https://registry.npmjs.org/send/-/send-0.17.1.tgz",
          "integrity": "sha512-BsVKsiGcQMFwT8UxypobUKyv7irCNRHk1T0G680vk88yf6LBByGcZJOTJCrTP2xVN6yI+XjPJcNuE3V4fT9sAg==",
          "requires": {
            "debug": "2.6.9",
            "depd": "~1.1.2",
            "destroy": "~1.0.4",
            "encodeurl": "~1.0.2",
            "escape-html": "~1.0.3",
            "etag": "~1.8.1",
            "fresh": "0.5.2",
            "http-errors": "~1.7.2",
            "mime": "1.6.0",
            "ms": "2.1.1",
            "on-finished": "~2.3.0",
            "range-parser": "~1.2.1",
            "statuses": "~1.5.0"
          },
          "dependencies": {
            "ms": {
              "version": "2.1.1",
              "resolved": "https://registry.npmjs.org/ms/-/ms-2.1.1.tgz",
              "integrity": "sha512-tgp+dl5cGk28utYktBsrFqA7HKgrhgPsg6Z/EfhWI4gl1Hwq8B/GmY/0oXZ6nF8hDVesS/FpnYaD/kOWhYQvyg=="
            }
          }
        },
        "serve-static": {
          "version": "1.14.1",
          "resolved": "https://registry.npmjs.org/serve-static/-/serve-static-1.14.1.tgz",
          "integrity": "sha512-JMrvUwE54emCYWlTI+hGrGv5I8dEwmco/00EvkzIIsR7MqrHonbD9pO2MOfFnpFntl7ecpZs+3mW+XbQZu9QCg==",
          "requires": {
            "encodeurl": "~1.0.2",
            "escape-html": "~1.0.3",
            "parseurl": "~1.3.3",
            "send": "0.17.1"
          }
        },
        "setprototypeof": {
          "version": "1.1.1",
          "resolved": "https://registry.npmjs.org/setprototypeof/-/setprototypeof-1.1.1.tgz",
          "integrity": "sha512-JvdAWfbXeIGaZ9cILp38HntZSFSo3mWg6xGcJJsd+d4aRMOqauag1C63dJfDw7OaMYwEbHMOxEZ1lqVRYP2OAw=="
        },
        "statuses": {
          "version": "1.5.0",
          "resolved": "https://registry.npmjs.org/statuses/-/statuses-1.5.0.tgz",
          "integrity": "sha1-Fhx9rBd2Wf2YEfQ3cfqZOBR4Yow="
        },
        "toidentifier": {
          "version": "1.0.0",
          "resolved": "https://registry.npmjs.org/toidentifier/-/toidentifier-1.0.0.tgz",
          "integrity": "sha512-yaOH/Pk/VEhBWWTlhI+qXxDFXlejDGcQipMlyxda9nthulaxLZUNcUqFxokp0vcYnvteJln5FNQDRrxj3YcbVw=="
        },
        "type-is": {
          "version": "1.6.18",
          "resolved": "https://registry.npmjs.org/type-is/-/type-is-1.6.18.tgz",
          "integrity": "sha512-TkRKr9sUTxEH8MdfuCSP7VizJyzRNMjj2J2do2Jr3Kym598JVdEksuzPQCnlFPW4ky9Q+iA+ma9BGm06XQBy8g==",
          "requires": {
            "media-typer": "0.3.0",
            "mime-types": "~2.1.24"
          }
        },
        "unpipe": {
          "version": "1.0.0",
          "resolved": "https://registry.npmjs.org/unpipe/-/unpipe-1.0.0.tgz",
          "integrity": "sha1-sr9O6FFKrmFltIF4KdIbLvSZBOw="
        },
        "utils-merge": {
          "version": "1.0.1",
          "resolved": "https://registry.npmjs.org/utils-merge/-/utils-merge-1.0.1.tgz",
          "integrity": "sha1-n5VxD1CiZ5R7LMwSR0HBAoQn5xM="
        },
        "vary": {
          "version": "1.1.2",
          "resolved": "https://registry.npmjs.org/vary/-/vary-1.1.2.tgz",
          "integrity": "sha1-IpnwLG3tMNSllhsLn3RSShj2NPw="
        }
      }
    },
    "ffmpeg-binaries": {
      "version": "4.0.0",
      "requires": {
        "decompress": "^4.2.0",
        "decompress-tarxz": "^2.1.1",
        "decompress-unzip": "^4.0.1"
      }
    },
    "figlet": {
      "version": "1.2.3"
    },
    "file-system": {
      "version": "2.2.2",
      "requires": {
        "file-match": "^1.0.1",
        "utils-extend": "^1.0.4"
      }
    },
    "forever": {
      "version": "0.15.3",
      "requires": {
        "cliff": "~0.1.9",
        "clone": "^1.0.2",
        "colors": "~0.6.2",
        "flatiron": "~0.4.2",
        "forever-monitor": "~1.7.0",
        "nconf": "~0.6.9",
        "nssocket": "~0.5.1",
        "object-assign": "^3.0.0",
        "optimist": "~0.6.0",
        "path-is-absolute": "~1.0.0",
        "prettyjson": "^1.1.2",
        "shush": "^1.0.0",
        "timespan": "~2.3.0",
        "utile": "~0.2.1",
        "winston": "~0.8.1"
      }
    },
    "fortnite": {
      "version": "4.3.2",
      "requires": {
        "node-fetch": "^2.3.0"
      }
    },
    "fortnite-api": {
      "version": "2.16.1",
      "requires": {
        "request": "^2.85.0",
        "request-promise": "^4.2.2"
      }
    },
    "fs-minipass": {
      "version": "1.2.6",
      "resolved": "https://registry.npmjs.org/fs-minipass/-/fs-minipass-1.2.6.tgz",
      "integrity": "sha512-crhvyXcMejjv3Z5d2Fa9sf5xLYVCF5O1c71QxbVnbLsmYMBEvDAftewesN/HhY03YRoA7zOMxjNGrF5svGaaeQ==",
      "requires": {
        "minipass": "^2.2.1"
      }
    },
    "get-youtube-id": {
      "version": "1.0.1"
    },
    "giphy-api": {
      "version": "1.2.8"
    },
    "goo.gl": {
      "version": "0.1.4",
      "requires": {
        "commander": "~2.2.0",
        "q": "~1.0.1",
        "request": "~2.40.0"
      }
    },
    "google-it": {
      "version": "1.1.3",
      "requires": {
        "cheerio": "^1.0.0-rc.2",
        "colors": "^1.1.2",
        "command-line-args": "^5.0.0",
        "ora": "^2.0.0",
        "request": "^2.81.0"
      }
    },
    "google-translate-api": {
      "version": "2.3.0",
      "requires": {
        "configstore": "^2.0.0",
        "google-translate-token": "^1.0.0",
        "got": "^6.3.0",
        "safe-eval": "^0.3.0"
      }
    },
    "hastebin-gen": {
      "version": "1.3.1",
      "requires": {
        "snekfetch": "^3.2.4"
      }
    },
    "i": {
      "version": "0.3.6"
    },
    "integer": {
      "version": "2.1.0",
      "resolved": "https://registry.npmjs.org/integer/-/integer-2.1.0.tgz",
      "integrity": "sha512-vBtiSgrEiNocWvvZX1RVfeOKa2mCHLZQ2p9nkQkQZ/BvEiY+6CcUz0eyjvIiewjJoeNidzg2I+tpPJvpyspL1w=="
    },
    "jimp": {
      "version": "0.2.28",
      "requires": {
        "bignumber.js": "^2.1.0",
        "bmp-js": "0.0.3",
        "es6-promise": "^3.0.2",
        "exif-parser": "^0.1.9",
        "file-type": "^3.1.0",
        "jpeg-js": "^0.2.0",
        "load-bmfont": "^1.2.3",
        "mime": "^1.3.4",
        "mkdirp": "0.5.1",
        "pixelmatch": "^4.0.0",
        "pngjs": "^3.0.0",
        "read-chunk": "^1.0.1",
        "request": "^2.65.0",
        "stream-to-buffer": "^0.1.0",
        "tinycolor2": "^1.1.2",
        "url-regex": "^3.0.0"
      }
    },
    "lodash.get": {
      "version": "4.4.2",
      "resolved": "https://registry.npmjs.org/lodash.get/-/lodash.get-4.4.2.tgz",
      "integrity": "sha1-LRd/ZS+jHpObRDjVNBSZ36OCXpk="
    },
    "lodash.set": {
      "version": "4.3.2",
      "resolved": "https://registry.npmjs.org/lodash.set/-/lodash.set-4.3.2.tgz",
      "integrity": "sha1-2HV7HagH3eJIFrDWqEvqGnYjCyM="
    },
    "lodash.unset": {
      "version": "4.5.2",
      "resolved": "https://registry.npmjs.org/lodash.unset/-/lodash.unset-4.5.2.tgz",
      "integrity": "sha1-Nw0dPoW3Kn4bDN8tJyEhMG8j5O0="
    },
    "math-expression-evaluator": {
      "version": "1.2.17"
    },
    "minimist": {
      "version": "0.0.8",
      "resolved": "https://registry.npmjs.org/minimist/-/minimist-0.0.8.tgz",
      "integrity": "sha1-hX/Kv8M5fSYluCKCYuhqp6ARsF0="
    },
    "minipass": {
      "version": "2.3.5",
      "resolved": "https://registry.npmjs.org/minipass/-/minipass-2.3.5.tgz",
      "integrity": "sha512-Gi1W4k059gyRbyVUZQ4mEqLm0YIUiGYfvxhF6SIlk3ui1WVxMTGfGdQ2SInh3PDrRTVvPKgULkpJtT4RH10+VA==",
      "requires": {
        "safe-buffer": "^5.1.2",
        "yallist": "^3.0.0"
      }
    },
    "minizlib": {
      "version": "1.2.1",
      "resolved": "https://registry.npmjs.org/minizlib/-/minizlib-1.2.1.tgz",
      "integrity": "sha512-7+4oTUOWKg7AuL3vloEWekXY2/D20cevzsrNT2kGWm+39J9hGTCBv8VI5Pm5lXZ/o3/mdR4f8rflAPhnQb8mPA==",
      "requires": {
        "minipass": "^2.2.1"
      }
    },
    "mkdirp": {
      "version": "0.5.1",
      "resolved": "https://registry.npmjs.org/mkdirp/-/mkdirp-0.5.1.tgz",
      "integrity": "sha1-MAV0OOrGz3+MR2fzhkjWaX11yQM=",
      "requires": {
        "minimist": "0.0.8"
      }
    },
    "moment": {
      "version": "2.24.0"
    },
    "ms": {
      "version": "2.1.2",
      "resolved": "https://registry.npmjs.org/ms/-/ms-2.1.2.tgz",
      "integrity": "sha512-sGkPx+VjMtmA6MX27oA4FBFELFCZZ4S4XqeGOXCv68tT+jb3vk/RyaKWP0PTKyWtmLSM0b+adUTEvbs1PEaH2w=="
    },
    "node-opus": {
      "version": "0.3.2",
      "requires": {
        "bindings": "~1.2.1",
        "commander": "^2.9.0",
        "nan": "^2.14.0",
        "ogg-packet": "^1.0.0"
      }
    },
    "npm": {
      "version": "6.9.0",
      "requires": {
        "JSONStream": "^1.3.5",
        "abbrev": "~1.1.1",
        "ansicolors": "~0.3.2",
        "ansistyles": "~0.1.3",
        "aproba": "^2.0.0",
        "archy": "~1.0.0",
        "bin-links": "^1.1.2",
        "bluebird": "^3.5.3",
        "byte-size": "^5.0.1",
        "cacache": "^11.3.2",
        "call-limit": "~1.1.0",
        "chownr": "^1.1.1",
        "ci-info": "^2.0.0",
        "cli-columns": "^3.1.2",
        "cli-table3": "^0.5.1",
        "cmd-shim": "~2.0.2",
        "columnify": "~1.5.4",
        "config-chain": "^1.1.12",
        "debuglog": "*",
        "detect-indent": "~5.0.0",
        "detect-newline": "^2.1.0",
        "dezalgo": "~1.0.3",
        "editor": "~1.0.0",
        "figgy-pudding": "^3.5.1",
        "find-npm-prefix": "^1.0.2",
        "fs-vacuum": "~1.2.10",
        "fs-write-stream-atomic": "~1.0.10",
        "gentle-fs": "^2.0.1",
        "glob": "^7.1.3",
        "graceful-fs": "^4.1.15",
        "has-unicode": "~2.0.1",
        "hosted-git-info": "^2.7.1",
        "iferr": "^1.0.2",
        "imurmurhash": "*",
        "inflight": "~1.0.6",
        "inherits": "~2.0.3",
        "ini": "^1.3.5",
        "init-package-json": "^1.10.3",
        "is-cidr": "^3.0.0",
        "json-parse-better-errors": "^1.0.2",
        "lazy-property": "~1.0.0",
        "libcipm": "^3.0.3",
        "libnpm": "^2.0.1",
        "libnpmaccess": "*",
        "libnpmhook": "^5.0.2",
        "libnpmorg": "*",
        "libnpmsearch": "*",
        "libnpmteam": "*",
        "libnpx": "^10.2.0",
        "lock-verify": "^2.1.0",
        "lockfile": "^1.0.4",
        "lodash._baseindexof": "*",
        "lodash._baseuniq": "~4.6.0",
        "lodash._bindcallback": "*",
        "lodash._cacheindexof": "*",
        "lodash._createcache": "*",
        "lodash._getnative": "*",
        "lodash.clonedeep": "~4.5.0",
        "lodash.restparam": "*",
        "lodash.union": "~4.6.0",
        "lodash.uniq": "~4.5.0",
        "lodash.without": "~4.4.0",
        "lru-cache": "^4.1.5",
        "meant": "~1.0.1",
        "mississippi": "^3.0.0",
        "mkdirp": "~0.5.1",
        "move-concurrently": "^1.0.1",
        "node-gyp": "^3.8.0",
        "nopt": "~4.0.1",
        "normalize-package-data": "^2.5.0",
        "npm-audit-report": "^1.3.2",
        "npm-cache-filename": "~1.0.2",
        "npm-install-checks": "~3.0.0",
        "npm-lifecycle": "^2.1.0",
        "npm-package-arg": "^6.1.0",
        "npm-packlist": "^1.4.1",
        "npm-pick-manifest": "^2.2.3",
        "npm-profile": "*",
        "npm-registry-fetch": "^3.9.0",
        "npm-user-validate": "~1.0.0",
        "npmlog": "~4.1.2",
        "once": "~1.4.0",
        "opener": "^1.5.1",
        "osenv": "^0.1.5",
        "pacote": "^9.5.0",
        "path-is-inside": "~1.0.2",
        "promise-inflight": "~1.0.1",
        "qrcode-terminal": "^0.12.0",
        "query-string": "^6.2.0",
        "qw": "~1.0.1",
        "read": "~1.0.7",
        "read-cmd-shim": "~1.0.1",
        "read-installed": "~4.0.3",
        "read-package-json": "^2.0.13",
        "read-package-tree": "^5.2.2",
        "readable-stream": "^3.1.1",
        "readdir-scoped-modules": "*",
        "request": "^2.88.0",
        "retry": "^0.12.0",
        "rimraf": "^2.6.3",
        "safe-buffer": "^5.1.2",
        "semver": "^5.6.0",
        "sha": "~2.0.1",
        "slide": "~1.1.6",
        "sorted-object": "~2.0.1",
        "sorted-union-stream": "~2.1.3",
        "ssri": "^6.0.1",
        "stringify-package": "^1.0.0",
        "tar": "^4.4.8",
        "text-table": "~0.2.0",
        "tiny-relative-date": "^1.3.0",
        "uid-number": "0.0.6",
        "umask": "~1.1.0",
        "unique-filename": "^1.1.1",
        "unpipe": "~1.0.0",
        "update-notifier": "^2.5.0",
        "uuid": "^3.3.2",
        "validate-npm-package-license": "^3.0.4",
        "validate-npm-package-name": "~3.0.0",
        "which": "^1.3.1",
        "worker-farm": "^1.6.0",
        "write-file-atomic": "^2.4.2"
      }
    },
    "opusscript": {
      "version": "0.0.6"
    },
    "pretty-ms": {
      "version": "3.2.0",
      "requires": {
        "parse-ms": "^1.0.0"
      }
    },
    "queue": {
      "version": "4.5.1",
      "requires": {
        "inherits": "~2.0.0"
      }
    },
    "quick.db": {
      "version": "7.0.0-b22",
      "resolved": "https://registry.npmjs.org/quick.db/-/quick.db-7.0.0-b22.tgz",
      "integrity": "sha512-Qi3Mx2ho1M0rWzVwrjh5zqmlNVTLqO6WgaI1suZ4qOxhjD3CFcH2nvOnL7o3kan5C0taCrs9/n4EIvq6CgpCaQ==",
      "requires": {
        "better-sqlite3": "^5.0.1",
        "lodash.get": "^4.4.2",
        "lodash.set": "^4.3.2",
        "lodash.unset": "^4.5.2"
      }
    },
    "safe-buffer": {
      "version": "5.1.2",
      "resolved": "https://registry.npmjs.org/safe-buffer/-/safe-buffer-5.1.2.tgz",
      "integrity": "sha512-Gd2UZBJDkXlY7GbJxfsE8/nvKkUEU1G38c1siN6QP6a9PT9MmHB8GnpscSmMJSoF8LOIrt8ud/wPtojys4G6+g=="
    },
    "short-number": {
      "version": "1.0.7"
    },
    "simple-youtube-api": {
      "version": "5.2.0",
      "requires": {
        "iso8601-duration": "^1.2.0",
        "node-fetch": "^2.6.0"
      }
    },
    "sqlite": {
      "version": "2.9.3",
      "requires": {
        "sqlite3": "^4.0.0"
      }
    },
    "table": {
      "version": "4.0.3",
      "requires": {
        "ajv": "^6.0.1",
        "ajv-keywords": "^3.0.0",
        "chalk": "^2.1.0",
        "lodash": "^4.17.4",
        "slice-ansi": "1.0.0",
        "string-width": "^2.1.1"
      }
    },
    "tar": {
      "version": "4.4.10",
      "resolved": "https://registry.npmjs.org/tar/-/tar-4.4.10.tgz",
      "integrity": "sha512-g2SVs5QIxvo6OLp0GudTqEf05maawKUxXru104iaayWA09551tFCTI8f1Asb4lPfkBr91k07iL4c11XO3/b0tA==",
      "requires": {
        "chownr": "^1.1.1",
        "fs-minipass": "^1.2.5",
        "minipass": "^2.3.5",
        "minizlib": "^1.2.1",
        "mkdirp": "^0.5.0",
        "safe-buffer": "^5.1.2",
        "yallist": "^3.0.3"
      }
    },
    "to-time": {
      "version": "1.0.2",
      "resolved": "https://registry.npmjs.org/to-time/-/to-time-1.0.2.tgz",
      "integrity": "sha1-T4FFoH2F9jVqYuHOoKep5mYXduM=",
      "requires": {
        "bignumber.js": "^2.4.0"
      }
    },
    "util": {
      "version": "0.11.1",
      "requires": {
        "inherits": "2.0.3"
      }
    },
    "winston": {
      "version": "3.2.1",
      "requires": {
        "async": "^2.6.1",
        "diagnostics": "^1.1.1",
        "is-stream": "^1.1.0",
        "logform": "^2.1.1",
        "one-time": "0.0.4",
        "readable-stream": "^3.1.1",
        "stack-trace": "0.0.x",
        "triple-beam": "^1.3.0",
        "winston-transport": "^4.3.0"
      }
    },
    "yallist": {
      "version": "3.0.3",
      "resolved": "https://registry.npmjs.org/yallist/-/yallist-3.0.3.tgz",
      "integrity": "sha512-S+Zk8DEWE6oKpV+vI3qWkaK+jSbIK86pCwe2IF/xwIpQ8jEuxpw9NyaGjmp9+BoJv5FV2piqCDcoCtStppiq2A=="
    },
    "youtube-info": {
      "version": "1.3.2",
      "requires": {
        "cheerio": "^0.19.0",
        "debug": "^2.2.0",
        "lodash.isfunction": "^3.0.6",
        "request": "2.81.0",
        "request-promise": "^4.2.2"
      }
    },
    "ytdl-core": {
      "version": "0.21.1",
      "requires": {
        "html-entities": "^1.1.3",
        "m3u8stream": "^0.3.0",
        "miniget": "^1.1.0",
        "sax": "^1.1.3"
      }
    },
    "zalgolize": {
      "version": "1.2.4",
      "requires": {
        "minimist": "^1.2.0",
        "trials": "^1.0.0"
      }
    }
  }
}
